
Microsoft Visual Studio Solution File, Format Version 12.00
# Visual Studio Version 17
VisualStudioVersion = 17.9.34902.65
MinimumVisualStudioVersion = 10.0.40219.1
Project("{9A19103F-16F7-4668-BE54-9A1E7A4F7556}") = "Presentation", "Presentation\Presentation.csproj", "{6184C067-322B-475E-909B-037C4D32C57B}"
EndProject
Project("{9A19103F-16F7-4668-BE54-9A1E7A4F7556}") = "Domain", "Domain\Domain.csproj", "{BA07726E-90D5-46BC-B7E3-3C47C21D186E}"
EndProject
Project("{9A19103F-16F7-4668-BE54-9A1E7A4F7556}") = "Application", "Application\Application.csproj", "{3A84F7F8-2CEE-4CD7-ABF2-B6CDC659AB17}"
EndProject
Project("{FAE04EC0-301F-11D3-BF4B-00C04F79EFBC}") = "Infrastructure", "Infrastructure\Infrastructure.csproj", "{A9424233-9535-40BB-A2FB-909C258A5883}"
EndProject
Global
	GlobalSection(SolutionConfigurationPlatforms) = preSolution
		Debug|Any CPU = Debug|Any CPU
		Release|Any CPU = Release|Any CPU
	EndGlobalSection
	GlobalSection(ProjectConfigurationPlatforms) = postSolution
		{6184C067-322B-475E-909B-037C4D32C57B}.Debug|Any CPU.ActiveCfg = Debug|Any CPU
		{6184C067-322B-475E-909B-037C4D32C57B}.Debug|Any CPU.Build.0 = Debug|Any CPU
		{6184C067-322B-475E-909B-037C4D32C57B}.Release|Any CPU.ActiveCfg = Release|Any CPU
		{6184C067-322B-475E-909B-037C4D32C57B}.Release|Any CPU.Build.0 = Release|Any CPU
		{BA07726E-90D5-46BC-B7E3-3C47C21D186E}.Debug|Any CPU.ActiveCfg = Debug|Any CPU
		{BA07726E-90D5-46BC-B7E3-3C47C21D186E}.Debug|Any CPU.Build.0 = Debug|Any CPU
		{BA07726E-90D5-46BC-B7E3-3C47C21D186E}.Release|Any CPU.ActiveCfg = Release|Any CPU
		{BA07726E-90D5-46BC-B7E3-3C47C21D186E}.Release|Any CPU.Build.0 = Release|Any CPU
		{3A84F7F8-2CEE-4CD7-ABF2-B6CDC659AB17}.Debug|Any CPU.ActiveCfg = Debug|Any CPU
		{3A84F7F8-2CEE-4CD7-ABF2-B6CDC659AB17}.Debug|Any CPU.Build.0 = Debug|Any CPU
		{3A84F7F8-2CEE-4CD7-ABF2-B6CDC659AB17}.Release|Any CPU.ActiveCfg = Release|Any CPU
		{3A84F7F8-2CEE-4CD7-ABF2-B6CDC659AB17}.Release|Any CPU.Build.0 = Release|Any CPU
		{A9424233-9535-40BB-A2FB-909C258A5883}.Debug|Any CPU.ActiveCfg = Debug|Any CPU
		{A9424233-9535-40BB-A2FB-909C258A5883}.Debug|Any CPU.Build.0 = Debug|Any CPU
		{A9424233-9535-40BB-A2FB-909C258A5883}.Release|Any CPU.ActiveCfg = Release|Any CPU
		{A9424233-9535-40BB-A2FB-909C258A5883}.Release|Any CPU.Build.0 = Release|Any CPU
	EndGlobalSection
	GlobalSection(SolutionProperties) = preSolution
		HideSolutionNode = FALSE
	EndGlobalSection
	GlobalSection(ExtensibilityGlobals) = postSolution
		SolutionGuid = {3C3046B8-0A85-452B-871E-744654EAE932}
	EndGlobalSection
EndGlobal
